
Microsoft Visual Studio Solution File, Format Version 12.00
# Visual Studio Version 16
VisualStudioVersion = 16.0.34931.43
MinimumVisualStudioVersion = 10.0.40219.1
Project("{FAE04EC0-301F-11D3-BF4B-00C04F79EFBC}") = "ConsoleAppFizzBuzzGame", "ConsoleAppFizzBuzzGame\ConsoleAppFizzBuzzGame.csproj", "{C24CC737-6C2C-4EF5-844A-21B36EF21CC6}"
EndProject
Project("{FAE04EC0-301F-11D3-BF4B-00C04F79EFBC}") = "ConsoleAppFizzBuzzGame.UnitTests", "ConsoleAppFizzBuzzGameUnitTests\ConsoleAppFizzBuzzGame.UnitTests.csproj", "{E0BB7D93-DB93-4125-A3B6-32B51EAC92B7}"
EndProject
Global
	GlobalSection(SolutionConfigurationPlatforms) = preSolution
		Debug|Any CPU = Debug|Any CPU
		Release|Any CPU = Release|Any CPU
	EndGlobalSection
	GlobalSection(ProjectConfigurationPlatforms) = postSolution
		{C24CC737-6C2C-4EF5-844A-21B36EF21CC6}.Debug|Any CPU.ActiveCfg = Debug|Any CPU
		{C24CC737-6C2C-4EF5-844A-21B36EF21CC6}.Debug|Any CPU.Build.0 = Debug|Any CPU
		{C24CC737-6C2C-4EF5-844A-21B36EF21CC6}.Release|Any CPU.ActiveCfg = Release|Any CPU
		{C24CC737-6C2C-4EF5-844A-21B36EF21CC6}.Release|Any CPU.Build.0 = Release|Any CPU
		{E0BB7D93-DB93-4125-A3B6-32B51EAC92B7}.Debug|Any CPU.ActiveCfg = Debug|Any CPU
		{E0BB7D93-DB93-4125-A3B6-32B51EAC92B7}.Debug|Any CPU.Build.0 = Debug|Any CPU
		{E0BB7D93-DB93-4125-A3B6-32B51EAC92B7}.Release|Any CPU.ActiveCfg = Release|Any CPU
		{E0BB7D93-DB93-4125-A3B6-32B51EAC92B7}.Release|Any CPU.Build.0 = Release|Any CPU
	EndGlobalSection
	GlobalSection(SolutionProperties) = preSolution
		HideSolutionNode = FALSE
	EndGlobalSection
	GlobalSection(ExtensibilityGlobals) = postSolution
		SolutionGuid = {7740DC07-8EFD-44FA-B22C-A7E76BFDD2F2}
	EndGlobalSection
EndGlobal
